// !$*UTF8*$!
{
	archiveVersion = 1;
	classes = {
	};
	objectVersion = 56;
	objects = {

/* Begin PBXBuildFile section */
		E91D4E6F2AB09B6100D3FD13 /* CoreDataMVVMApp.swift in Sources */ = {isa = PBXBuildFile; fileRef = E91D4E6E2AB09B6100D3FD13 /* CoreDataMVVMApp.swift */; };
		E91D4E712AB09B6100D3FD13 /* SimpleObjectView.swift in Sources */ = {isa = PBXBuildFile; fileRef = E91D4E702AB09B6100D3FD13 /* SimpleObjectView.swift */; };
		E91D4E732AB09B6300D3FD13 /* Assets.xcassets in Resources */ = {isa = PBXBuildFile; fileRef = E91D4E722AB09B6300D3FD13 /* Assets.xcassets */; };
		E91D4E762AB09B6300D3FD13 /* Preview Assets.xcassets in Resources */ = {isa = PBXBuildFile; fileRef = E91D4E752AB09B6300D3FD13 /* Preview Assets.xcassets */; };
		E91D4E802AB09CDF00D3FD13 /* SimpleCoreDataViewModel.swift in Sources */ = {isa = PBXBuildFile; fileRef = E91D4E7F2AB09CDF00D3FD13 /* SimpleCoreDataViewModel.swift */; };
		E91D4E832AB09E2D00D3FD13 /* FruitsContainer.xcdatamodeld in Sources */ = {isa = PBXBuildFile; fileRef = E91D4E812AB09E2D00D3FD13 /* FruitsContainer.xcdatamodeld */; };
		E91D4E8B2AB0ABE900D3FD13 /* ComplexObjectView.swift in Sources */ = {isa = PBXBuildFile; fileRef = E91D4E8A2AB0ABE900D3FD13 /* ComplexObjectView.swift */; };
		E91D4E8D2AB0AC2900D3FD13 /* ComplexCoreDataViewModel.swift in Sources */ = {isa = PBXBuildFile; fileRef = E91D4E8C2AB0AC2900D3FD13 /* ComplexCoreDataViewModel.swift */; };
		E91D4E902AB0ACD900D3FD13 /* CoreDataManager.swift in Sources */ = {isa = PBXBuildFile; fileRef = E91D4E8F2AB0ACD900D3FD13 /* CoreDataManager.swift */; };
		E974057D2AB24DBB006BE2AD /* ComplexContainer.xcdatamodeld in Sources */ = {isa = PBXBuildFile; fileRef = E974057B2AB24DBB006BE2AD /* ComplexContainer.xcdatamodeld */; };
		E974057F2AB25399006BE2AD /* BusinessView.swift in Sources */ = {isa = PBXBuildFile; fileRef = E974057E2AB25399006BE2AD /* BusinessView.swift */; };
		E97405812AB25976006BE2AD /* DepartmentView.swift in Sources */ = {isa = PBXBuildFile; fileRef = E97405802AB25976006BE2AD /* DepartmentView.swift */; };
		E97405832AB25C77006BE2AD /* EmployeeView.swift in Sources */ = {isa = PBXBuildFile; fileRef = E97405822AB25C77006BE2AD /* EmployeeView.swift */; };
/* End PBXBuildFile section */

/* Begin PBXFileReference section */
		E91D4E6B2AB09B6100D3FD13 /* CoreDataMVVM.app */ = {isa = PBXFileReference; explicitFileType = wrapper.application; includeInIndex = 0; path = CoreDataMVVM.app; sourceTree = BUILT_PRODUCTS_DIR; };
		E91D4E6E2AB09B6100D3FD13 /* CoreDataMVVMApp.swift */ = {isa = PBXFileReference; lastKnownFileType = sourcecode.swift; path = CoreDataMVVMApp.swift; sourceTree = "<group>"; };
		E91D4E702AB09B6100D3FD13 /* SimpleObjectView.swift */ = {isa = PBXFileReference; lastKnownFileType = sourcecode.swift; path = SimpleObjectView.swift; sourceTree = "<group>"; };
		E91D4E722AB09B6300D3FD13 /* Assets.xcassets */ = {isa = PBXFileReference; lastKnownFileType = folder.assetcatalog; path = Assets.xcassets; sourceTree = "<group>"; };
		E91D4E752AB09B6300D3FD13 /* Preview Assets.xcassets */ = {isa = PBXFileReference; lastKnownFileType = folder.assetcatalog; path = "Preview Assets.xcassets"; sourceTree = "<group>"; };
		E91D4E7F2AB09CDF00D3FD13 /* SimpleCoreDataViewModel.swift */ = {isa = PBXFileReference; lastKnownFileType = sourcecode.swift; path = SimpleCoreDataViewModel.swift; sourceTree = "<group>"; };
		E91D4E822AB09E2D00D3FD13 /* FruitsContainer.xcdatamodel */ = {isa = PBXFileReference; lastKnownFileType = wrapper.xcdatamodel; path = FruitsContainer.xcdatamodel; sourceTree = "<group>"; };
		E91D4E8A2AB0ABE900D3FD13 /* ComplexObjectView.swift */ = {isa = PBXFileReference; lastKnownFileType = sourcecode.swift; path = ComplexObjectView.swift; sourceTree = "<group>"; };
		E91D4E8C2AB0AC2900D3FD13 /* ComplexCoreDataViewModel.swift */ = {isa = PBXFileReference; lastKnownFileType = sourcecode.swift; path = ComplexCoreDataViewModel.swift; sourceTree = "<group>"; };
		E91D4E8F2AB0ACD900D3FD13 /* CoreDataManager.swift */ = {isa = PBXFileReference; lastKnownFileType = sourcecode.swift; path = CoreDataManager.swift; sourceTree = "<group>"; };
		E974057C2AB24DBB006BE2AD /* ComplexContainer.xcdatamodel */ = {isa = PBXFileReference; lastKnownFileType = wrapper.xcdatamodel; path = ComplexContainer.xcdatamodel; sourceTree = "<group>"; };
		E974057E2AB25399006BE2AD /* BusinessView.swift */ = {isa = PBXFileReference; lastKnownFileType = sourcecode.swift; path = BusinessView.swift; sourceTree = "<group>"; };
		E97405802AB25976006BE2AD /* DepartmentView.swift */ = {isa = PBXFileReference; lastKnownFileType = sourcecode.swift; path = DepartmentView.swift; sourceTree = "<group>"; };
		E97405822AB25C77006BE2AD /* EmployeeView.swift */ = {isa = PBXFileReference; lastKnownFileType = sourcecode.swift; path = EmployeeView.swift; sourceTree = "<group>"; };
/* End PBXFileReference section */

/* Begin PBXFrameworksBuildPhase section */
		E91D4E682AB09B6100D3FD13 /* Frameworks */ = {
			isa = PBXFrameworksBuildPhase;
			buildActionMask = 2147483647;
			files = (
			);
			runOnlyForDeploymentPostprocessing = 0;
		};
/* End PBXFrameworksBuildPhase section */

/* Begin PBXGroup section */
		E91D4E622AB09B6100D3FD13 = {
			isa = PBXGroup;
			children = (
				E91D4E6D2AB09B6100D3FD13 /* CoreDataMVVM */,
				E91D4E6C2AB09B6100D3FD13 /* Products */,
			);
			sourceTree = "<group>";
		};
		E91D4E6C2AB09B6100D3FD13 /* Products */ = {
			isa = PBXGroup;
			children = (
				E91D4E6B2AB09B6100D3FD13 /* CoreDataMVVM.app */,
			);
			name = Products;
			sourceTree = "<group>";
		};
		E91D4E6D2AB09B6100D3FD13 /* CoreDataMVVM */ = {
			isa = PBXGroup;
			children = (
				E91D4E6E2AB09B6100D3FD13 /* CoreDataMVVMApp.swift */,
				E91D4E852AB0AB1200D3FD13 /* SimpleObject */,
				E91D4E862AB0AB4300D3FD13 /* ComplexObject */,
				E91D4E722AB09B6300D3FD13 /* Assets.xcassets */,
				E91D4E742AB09B6300D3FD13 /* Preview Content */,
			);
			path = CoreDataMVVM;
			sourceTree = "<group>";
		};
		E91D4E742AB09B6300D3FD13 /* Preview Content */ = {
			isa = PBXGroup;
			children = (
				E91D4E752AB09B6300D3FD13 /* Preview Assets.xcassets */,
			);
			path = "Preview Content";
			sourceTree = "<group>";
		};
		E91D4E7C2AB09CC300D3FD13 /* Views */ = {
			isa = PBXGroup;
			children = (
				E91D4E702AB09B6100D3FD13 /* SimpleObjectView.swift */,
			);
			path = Views;
			sourceTree = "<group>";
		};
		E91D4E7D2AB09CC800D3FD13 /* ViewModel */ = {
			isa = PBXGroup;
			children = (
				E91D4E7F2AB09CDF00D3FD13 /* SimpleCoreDataViewModel.swift */,
			);
			path = ViewModel;
			sourceTree = "<group>";
		};
		E91D4E842AB09E3B00D3FD13 /* CoreData */ = {
			isa = PBXGroup;
			children = (
				E91D4E812AB09E2D00D3FD13 /* FruitsContainer.xcdatamodeld */,
			);
			path = CoreData;
			sourceTree = "<group>";
		};
		E91D4E852AB0AB1200D3FD13 /* SimpleObject */ = {
			isa = PBXGroup;
			children = (
				E91D4E7D2AB09CC800D3FD13 /* ViewModel */,
				E91D4E7C2AB09CC300D3FD13 /* Views */,
				E91D4E842AB09E3B00D3FD13 /* CoreData */,
			);
			path = SimpleObject;
			sourceTree = "<group>";
		};
		E91D4E862AB0AB4300D3FD13 /* ComplexObject */ = {
			isa = PBXGroup;
			children = (
				E91D4E8E2AB0ACCB00D3FD13 /* Manager */,
				E91D4E882AB0AB6D00D3FD13 /* Views */,
				E91D4E872AB0AB6400D3FD13 /* ViewModel */,
				E91D4E892AB0AB7200D3FD13 /* CoreData */,
			);
			path = ComplexObject;
			sourceTree = "<group>";
		};
		E91D4E872AB0AB6400D3FD13 /* ViewModel */ = {
			isa = PBXGroup;
			children = (
				E91D4E8C2AB0AC2900D3FD13 /* ComplexCoreDataViewModel.swift */,
			);
			path = ViewModel;
			sourceTree = "<group>";
		};
		E91D4E882AB0AB6D00D3FD13 /* Views */ = {
			isa = PBXGroup;
			children = (
				E91D4E8A2AB0ABE900D3FD13 /* ComplexObjectView.swift */,
				E97405822AB25C77006BE2AD /* EmployeeView.swift */,
				E974057E2AB25399006BE2AD /* BusinessView.swift */,
				E97405802AB25976006BE2AD /* DepartmentView.swift */,
			);
			path = Views;
			sourceTree = "<group>";
		};
		E91D4E892AB0AB7200D3FD13 /* CoreData */ = {
			isa = PBXGroup;
			children = (
				E974057B2AB24DBB006BE2AD /* ComplexContainer.xcdatamodeld */,
			);
			path = CoreData;
			sourceTree = "<group>";
		};
		E91D4E8E2AB0ACCB00D3FD13 /* Manager */ = {
			isa = PBXGroup;
			children = (
				E91D4E8F2AB0ACD900D3FD13 /* CoreDataManager.swift */,
			);
			path = Manager;
			sourceTree = "<group>";
		};
/* End PBXGroup section */

/* Begin PBXNativeTarget section */
		E91D4E6A2AB09B6100D3FD13 /* CoreDataMVVM */ = {
			isa = PBXNativeTarget;
			buildConfigurationList = E91D4E792AB09B6300D3FD13 /* Build configuration list for PBXNativeTarget "CoreDataMVVM" */;
			buildPhases = (
				E91D4E672AB09B6100D3FD13 /* Sources */,
				E91D4E682AB09B6100D3FD13 /* Frameworks */,
				E91D4E692AB09B6100D3FD13 /* Resources */,
			);
			buildRules = (
			);
			dependencies = (
			);
			name = CoreDataMVVM;
			productName = CoreDataMVVM;
			productReference = E91D4E6B2AB09B6100D3FD13 /* CoreDataMVVM.app */;
			productType = "com.apple.product-type.application";
		};
/* End PBXNativeTarget section */

/* Begin PBXProject section */
		E91D4E632AB09B6100D3FD13 /* Project object */ = {
			isa = PBXProject;
			attributes = {
				BuildIndependentTargetsInParallel = 1;
				LastSwiftUpdateCheck = 1430;
				LastUpgradeCheck = 1430;
				TargetAttributes = {
					E91D4E6A2AB09B6100D3FD13 = {
						CreatedOnToolsVersion = 14.3;
					};
				};
			};
			buildConfigurationList = E91D4E662AB09B6100D3FD13 /* Build configuration list for PBXProject "CoreDataMVVM" */;
			compatibilityVersion = "Xcode 14.0";
			developmentRegion = en;
			hasScannedForEncodings = 0;
			knownRegions = (
				en,
				Base,
			);
			mainGroup = E91D4E622AB09B6100D3FD13;
			productRefGroup = E91D4E6C2AB09B6100D3FD13 /* Products */;
			projectDirPath = "";
			projectRoot = "";
			targets = (
				E91D4E6A2AB09B6100D3FD13 /* CoreDataMVVM */,
			);
		};
/* End PBXProject section */

/* Begin PBXResourcesBuildPhase section */
		E91D4E692AB09B6100D3FD13 /* Resources */ = {
			isa = PBXResourcesBuildPhase;
			buildActionMask = 2147483647;
			files = (
				E91D4E762AB09B6300D3FD13 /* Preview Assets.xcassets in Resources */,
				E91D4E732AB09B6300D3FD13 /* Assets.xcassets in Resources */,
			);
			runOnlyForDeploymentPostprocessing = 0;
		};
/* End PBXResourcesBuildPhase section */

/* Begin PBXSourcesBuildPhase section */
		E91D4E672AB09B6100D3FD13 /* Sources */ = {
			isa = PBXSourcesBuildPhase;
			buildActionMask = 2147483647;
			files = (
				E974057D2AB24DBB006BE2AD /* ComplexContainer.xcdatamodeld in Sources */,
				E91D4E832AB09E2D00D3FD13 /* FruitsContainer.xcdatamodeld in Sources */,
				E91D4E712AB09B6100D3FD13 /* SimpleObjectView.swift in Sources */,
				E97405832AB25C77006BE2AD /* EmployeeView.swift in Sources */,
				E974057F2AB25399006BE2AD /* BusinessView.swift in Sources */,
				E91D4E802AB09CDF00D3FD13 /* SimpleCoreDataViewModel.swift in Sources */,
				E91D4E8B2AB0ABE900D3FD13 /* ComplexObjectView.swift in Sources */,
				E97405812AB25976006BE2AD /* DepartmentView.swift in Sources */,
				E91D4E8D2AB0AC2900D3FD13 /* ComplexCoreDataViewModel.swift in Sources */,
				E91D4E902AB0ACD900D3FD13 /* CoreDataManager.swift in Sources */,
				E91D4E6F2AB09B6100D3FD13 /* CoreDataMVVMApp.swift in Sources */,
			);
			runOnlyForDeploymentPostprocessing = 0;
		};
/* End PBXSourcesBuildPhase section */

/* Begin XCBuildConfiguration section */
		E91D4E772AB09B6300D3FD13 /* Debug */ = {
			isa = XCBuildConfiguration;
			buildSettings = {
				ALWAYS_SEARCH_USER_PATHS = NO;
				CLANG_ANALYZER_NONNULL = YES;
				CLANG_ANALYZER_NUMBER_OBJECT_CONVERSION = YES_AGGRESSIVE;
				CLANG_CXX_LANGUAGE_STANDARD = "gnu++20";
				CLANG_ENABLE_MODULES = YES;
				CLANG_ENABLE_OBJC_ARC = YES;
				CLANG_ENABLE_OBJC_WEAK = YES;
				CLANG_WARN_BLOCK_CAPTURE_AUTORELEASING = YES;
				CLANG_WARN_BOOL_CONVERSION = YES;
				CLANG_WARN_COMMA = YES;
				CLANG_WARN_CONSTANT_CONVERSION = YES;
				CLANG_WARN_DEPRECATED_OBJC_IMPLEMENTATIONS = YES;
				CLANG_WARN_DIRECT_OBJC_ISA_USAGE = YES_ERROR;
				CLANG_WARN_DOCUMENTATION_COMMENTS = YES;
				CLANG_WARN_EMPTY_BODY = YES;
				CLANG_WARN_ENUM_CONVERSION = YES;
				CLANG_WARN_INFINITE_RECURSION = YES;
				CLANG_WARN_INT_CONVERSION = YES;
				CLANG_WARN_NON_LITERAL_NULL_CONVERSION = YES;
				CLANG_WARN_OBJC_IMPLICIT_RETAIN_SELF = YES;
				CLANG_WARN_OBJC_LITERAL_CONVERSION = YES;
				CLANG_WARN_OBJC_ROOT_CLASS = YES_ERROR;
				CLANG_WARN_QUOTED_INCLUDE_IN_FRAMEWORK_HEADER = YES;
				CLANG_WARN_RANGE_LOOP_ANALYSIS = YES;
				CLANG_WARN_STRICT_PROTOTYPES = YES;
				CLANG_WARN_SUSPICIOUS_MOVE = YES;
				CLANG_WARN_UNGUARDED_AVAILABILITY = YES_AGGRESSIVE;
				CLANG_WARN_UNREACHABLE_CODE = YES;
				CLANG_WARN__DUPLICATE_METHOD_MATCH = YES;
				COPY_PHASE_STRIP = NO;
				DEBUG_INFORMATION_FORMAT = dwarf;
				ENABLE_STRICT_OBJC_MSGSEND = YES;
				ENABLE_TESTABILITY = YES;
				GCC_C_LANGUAGE_STANDARD = gnu11;
				GCC_DYNAMIC_NO_PIC = NO;
				GCC_NO_COMMON_BLOCKS = YES;
				GCC_OPTIMIZATION_LEVEL = 0;
				GCC_PREPROCESSOR_DEFINITIONS = (
					"DEBUG=1",
					"$(inherited)",
				);
				GCC_WARN_64_TO_32_BIT_CONVERSION = YES;
				GCC_WARN_ABOUT_RETURN_TYPE = YES_ERROR;
				GCC_WARN_UNDECLARED_SELECTOR = YES;
				GCC_WARN_UNINITIALIZED_AUTOS = YES_AGGRESSIVE;
				GCC_WARN_UNUSED_FUNCTION = YES;
				GCC_WARN_UNUSED_VARIABLE = YES;
				IPHONEOS_DEPLOYMENT_TARGET = 16.4;
				MTL_ENABLE_DEBUG_INFO = INCLUDE_SOURCE;
				MTL_FAST_MATH = YES;
				ONLY_ACTIVE_ARCH = YES;
				SDKROOT = iphoneos;
				SWIFT_ACTIVE_COMPILATION_CONDITIONS = DEBUG;
				SWIFT_OPTIMIZATION_LEVEL = "-Onone";
			};
			name = Debug;
		};
		E91D4E782AB09B6300D3FD13 /* Release */ = {
			isa = XCBuildConfiguration;
			buildSettings = {
				ALWAYS_SEARCH_USER_PATHS = NO;
				CLANG_ANALYZER_NONNULL = YES;
				CLANG_ANALYZER_NUMBER_OBJECT_CONVERSION = YES_AGGRESSIVE;
				CLANG_CXX_LANGUAGE_STANDARD = "gnu++20";
				CLANG_ENABLE_MODULES = YES;
				CLANG_ENABLE_OBJC_ARC = YES;
				CLANG_ENABLE_OBJC_WEAK = YES;
				CLANG_WARN_BLOCK_CAPTURE_AUTORELEASING = YES;
				CLANG_WARN_BOOL_CONVERSION = YES;
				CLANG_WARN_COMMA = YES;
				CLANG_WARN_CONSTANT_CONVERSION = YES;
				CLANG_WARN_DEPRECATED_OBJC_IMPLEMENTATIONS = YES;
				CLANG_WARN_DIRECT_OBJC_ISA_USAGE = YES_ERROR;
				CLANG_WARN_DOCUMENTATION_COMMENTS = YES;
				CLANG_WARN_EMPTY_BODY = YES;
				CLANG_WARN_ENUM_CONVERSION = YES;
				CLANG_WARN_INFINITE_RECURSION = YES;
				CLANG_WARN_INT_CONVERSION = YES;
				CLANG_WARN_NON_LITERAL_NULL_CONVERSION = YES;
				CLANG_WARN_OBJC_IMPLICIT_RETAIN_SELF = YES;
				CLANG_WARN_OBJC_LITERAL_CONVERSION = YES;
				CLANG_WARN_OBJC_ROOT_CLASS = YES_ERROR;
				CLANG_WARN_QUOTED_INCLUDE_IN_FRAMEWORK_HEADER = YES;
				CLANG_WARN_RANGE_LOOP_ANALYSIS = YES;
				CLANG_WARN_STRICT_PROTOTYPES = YES;
				CLANG_WARN_SUSPICIOUS_MOVE = YES;
				CLANG_WARN_UNGUARDED_AVAILABILITY = YES_AGGRESSIVE;
				CLANG_WARN_UNREACHABLE_CODE = YES;
				CLANG_WARN__DUPLICATE_METHOD_MATCH = YES;
				COPY_PHASE_STRIP = NO;
				DEBUG_INFORMATION_FORMAT = "dwarf-with-dsym";
				ENABLE_NS_ASSERTIONS = NO;
				ENABLE_STRICT_OBJC_MSGSEND = YES;
				GCC_C_LANGUAGE_STANDARD = gnu11;
				GCC_NO_COMMON_BLOCKS = YES;
				GCC_WARN_64_TO_32_BIT_CONVERSION = YES;
				GCC_WARN_ABOUT_RETURN_TYPE = YES_ERROR;
				GCC_WARN_UNDECLARED_SELECTOR = YES;
				GCC_WARN_UNINITIALIZED_AUTOS = YES_AGGRESSIVE;
				GCC_WARN_UNUSED_FUNCTION = YES;
				GCC_WARN_UNUSED_VARIABLE = YES;
				IPHONEOS_DEPLOYMENT_TARGET = 16.4;
				MTL_ENABLE_DEBUG_INFO = NO;
				MTL_FAST_MATH = YES;
				SDKROOT = iphoneos;
				SWIFT_COMPILATION_MODE = wholemodule;
				SWIFT_OPTIMIZATION_LEVEL = "-O";
				VALIDATE_PRODUCT = YES;
			};
			name = Release;
		};
		E91D4E7A2AB09B6300D3FD13 /* Debug */ = {
			isa = XCBuildConfiguration;
			buildSettings = {
				ASSETCATALOG_COMPILER_APPICON_NAME = AppIcon;
				ASSETCATALOG_COMPILER_GLOBAL_ACCENT_COLOR_NAME = AccentColor;
				CODE_SIGN_STYLE = Automatic;
				CURRENT_PROJECT_VERSION = 1;
				DEVELOPMENT_ASSET_PATHS = "\"CoreDataMVVM/Preview Content\"";
				DEVELOPMENT_TEAM = 5S88AY6J4R;
				ENABLE_PREVIEWS = YES;
				GENERATE_INFOPLIST_FILE = YES;
				INFOPLIST_KEY_UIApplicationSceneManifest_Generation = YES;
				INFOPLIST_KEY_UIApplicationSupportsIndirectInputEvents = YES;
				INFOPLIST_KEY_UILaunchScreen_Generation = YES;
				INFOPLIST_KEY_UISupportedInterfaceOrientations_iPad = "UIInterfaceOrientationPortrait UIInterfaceOrientationPortraitUpsideDown UIInterfaceOrientationLandscapeLeft UIInterfaceOrientationLandscapeRight";
				INFOPLIST_KEY_UISupportedInterfaceOrientations_iPhone = "UIInterfaceOrientationPortrait UIInterfaceOrientationLandscapeLeft UIInterfaceOrientationLandscapeRight";
				LD_RUNPATH_SEARCH_PATHS = (
					"$(inherited)",
					"@executable_path/Frameworks",
				);
				MARKETING_VERSION = 1.0;
				PRODUCT_BUNDLE_IDENTIFIER = br.ufpe.cin.academy.tmc4.CoreDataMVVM;
				PRODUCT_NAME = "$(TARGET_NAME)";
				SWIFT_EMIT_LOC_STRINGS = YES;
				SWIFT_VERSION = 5.0;
				TARGETED_DEVICE_FAMILY = "1,2";
			};
			name = Debug;
		};
		E91D4E7B2AB09B6300D3FD13 /* Release */ = {
			isa = XCBuildConfiguration;
			buildSettings = {
				ASSETCATALOG_COMPILER_APPICON_NAME = AppIcon;
				ASSETCATALOG_COMPILER_GLOBAL_ACCENT_COLOR_NAME = AccentColor;
				CODE_SIGN_STYLE = Automatic;
				CURRENT_PROJECT_VERSION = 1;
				DEVELOPMENT_ASSET_PATHS = "\"CoreDataMVVM/Preview Content\"";
				DEVELOPMENT_TEAM = 5S88AY6J4R;
				ENABLE_PREVIEWS = YES;
				GENERATE_INFOPLIST_FILE = YES;
				INFOPLIST_KEY_UIApplicationSceneManifest_Generation = YES;
				INFOPLIST_KEY_UIApplicationSupportsIndirectInputEvents = YES;
				INFOPLIST_KEY_UILaunchScreen_Generation = YES;
				INFOPLIST_KEY_UISupportedInterfaceOrientations_iPad = "UIInterfaceOrientationPortrait UIInterfaceOrientationPortraitUpsideDown UIInterfaceOrientationLandscapeLeft UIInterfaceOrientationLandscapeRight";
				INFOPLIST_KEY_UISupportedInterfaceOrientations_iPhone = "UIInterfaceOrientationPortrait UIInterfaceOrientationLandscapeLeft UIInterfaceOrientationLandscapeRight";
				LD_RUNPATH_SEARCH_PATHS = (
					"$(inherited)",
					"@executable_path/Frameworks",
				);
				MARKETING_VERSION = 1.0;
				PRODUCT_BUNDLE_IDENTIFIER = br.ufpe.cin.academy.tmc4.CoreDataMVVM;
				PRODUCT_NAME = "$(TARGET_NAME)";
				SWIFT_EMIT_LOC_STRINGS = YES;
				SWIFT_VERSION = 5.0;
				TARGETED_DEVICE_FAMILY = "1,2";
			};
			name = Release;
		};
/* End XCBuildConfiguration section */

/* Begin XCConfigurationList section */
		E91D4E662AB09B6100D3FD13 /* Build configuration list for PBXProject "CoreDataMVVM" */ = {
			isa = XCConfigurationList;
			buildConfigurations = (
				E91D4E772AB09B6300D3FD13 /* Debug */,
				E91D4E782AB09B6300D3FD13 /* Release */,
			);
			defaultConfigurationIsVisible = 0;
			defaultConfigurationName = Release;
		};
		E91D4E792AB09B6300D3FD13 /* Build configuration list for PBXNativeTarget "CoreDataMVVM" */ = {
			isa = XCConfigurationList;
			buildConfigurations = (
				E91D4E7A2AB09B6300D3FD13 /* Debug */,
				E91D4E7B2AB09B6300D3FD13 /* Release */,
			);
			defaultConfigurationIsVisible = 0;
			defaultConfigurationName = Release;
		};
/* End XCConfigurationList section */

/* Begin XCVersionGroup section */
		E91D4E812AB09E2D00D3FD13 /* FruitsContainer.xcdatamodeld */ = {
			isa = XCVersionGroup;
			children = (
				E91D4E822AB09E2D00D3FD13 /* FruitsContainer.xcdatamodel */,
			);
			currentVersion = E91D4E822AB09E2D00D3FD13 /* FruitsContainer.xcdatamodel */;
			path = FruitsContainer.xcdatamodeld;
			sourceTree = "<group>";
			versionGroupType = wrapper.xcdatamodel;
		};
		E974057B2AB24DBB006BE2AD /* ComplexContainer.xcdatamodeld */ = {
			isa = XCVersionGroup;
			children = (
				E974057C2AB24DBB006BE2AD /* ComplexContainer.xcdatamodel */,
			);
			currentVersion = E974057C2AB24DBB006BE2AD /* ComplexContainer.xcdatamodel */;
			path = ComplexContainer.xcdatamodeld;
			sourceTree = "<group>";
			versionGroupType = wrapper.xcdatamodel;
		};
/* End XCVersionGroup section */
	};
	rootObject = E91D4E632AB09B6100D3FD13 /* Project object */;
}
